
Microsoft Visual Studio Solution File, Format Version 12.00
# Visual Studio Version 16
VisualStudioVersion = 16.0.30907.101
MinimumVisualStudioVersion = 10.0.40219.1
Project("{FAE04EC0-301F-11D3-BF4B-00C04F79EFBC}") = "FitnessAssistant_ShiryaevArtem_2ISP11-17", "FitnessAssistant_ShiryaevArtem_2ISP11-17\FitnessAssistant_ShiryaevArtem_2ISP11-17.csproj", "{1EEE48DA-AC13-456C-9BF7-4D6ECB336AB0}"
EndProject
Project("{FAE04EC0-301F-11D3-BF4B-00C04F79EFBC}") = "FitnessAssistant_ShiryaevArtem_2ISP11-17Tests", "FitnessAssistant_ShiryaevArtem_2ISP11-17Tests\FitnessAssistant_ShiryaevArtem_2ISP11-17Tests.csproj", "{68D2E6F5-D445-4BE0-BF3F-64214E196AE9}"
EndProject
Global
	GlobalSection(SolutionConfigurationPlatforms) = preSolution
		Debug|Any CPU = Debug|Any CPU
		Release|Any CPU = Release|Any CPU
	EndGlobalSection
	GlobalSection(ProjectConfigurationPlatforms) = postSolution
		{1EEE48DA-AC13-456C-9BF7-4D6ECB336AB0}.Debug|Any CPU.ActiveCfg = Debug|Any CPU
		{1EEE48DA-AC13-456C-9BF7-4D6ECB336AB0}.Debug|Any CPU.Build.0 = Debug|Any CPU
		{1EEE48DA-AC13-456C-9BF7-4D6ECB336AB0}.Release|Any CPU.ActiveCfg = Release|Any CPU
		{1EEE48DA-AC13-456C-9BF7-4D6ECB336AB0}.Release|Any CPU.Build.0 = Release|Any CPU
		{68D2E6F5-D445-4BE0-BF3F-64214E196AE9}.Debug|Any CPU.ActiveCfg = Debug|Any CPU
		{68D2E6F5-D445-4BE0-BF3F-64214E196AE9}.Debug|Any CPU.Build.0 = Debug|Any CPU
		{68D2E6F5-D445-4BE0-BF3F-64214E196AE9}.Release|Any CPU.ActiveCfg = Release|Any CPU
		{68D2E6F5-D445-4BE0-BF3F-64214E196AE9}.Release|Any CPU.Build.0 = Release|Any CPU
	EndGlobalSection
	GlobalSection(SolutionProperties) = preSolution
		HideSolutionNode = FALSE
	EndGlobalSection
	GlobalSection(ExtensibilityGlobals) = postSolution
		SolutionGuid = {9ADB6D86-CD6B-4960-AD26-2E1D5E1E45DF}
	EndGlobalSection
EndGlobal
